
Microsoft Visual Studio Solution File, Format Version 12.00
# Visual Studio Version 16
VisualStudioVersion = 16.0.808.5
MinimumVisualStudioVersion = 10.0.40219.1
Project("{FAE04EC0-301F-11D3-BF4B-00C04F79EFBC}") = "Tubumu.Core", "Tubumu.Core.csproj", "{4ECCC9C4-5441-4D89-ACB0-05D32BEDEE03}"
EndProject
Global
	GlobalSection(SolutionConfigurationPlatforms) = preSolution
		Debug|Any CPU = Debug|Any CPU
		Release|Any CPU = Release|Any CPU
	EndGlobalSection
	GlobalSection(ProjectConfigurationPlatforms) = postSolution
		{4ECCC9C4-5441-4D89-ACB0-05D32BEDEE03}.Debug|Any CPU.ActiveCfg = Debug|Any CPU
		{4ECCC9C4-5441-4D89-ACB0-05D32BEDEE03}.Debug|Any CPU.Build.0 = Debug|Any CPU
		{4ECCC9C4-5441-4D89-ACB0-05D32BEDEE03}.Release|Any CPU.ActiveCfg = Release|Any CPU
		{4ECCC9C4-5441-4D89-ACB0-05D32BEDEE03}.Release|Any CPU.Build.0 = Release|Any CPU
	EndGlobalSection
	GlobalSection(SolutionProperties) = preSolution
		HideSolutionNode = FALSE
	EndGlobalSection
	GlobalSection(ExtensibilityGlobals) = postSolution
		SolutionGuid = {0C0FAB3B-8738-4529-B4E8-CBD892F78836}
	EndGlobalSection
EndGlobal
